// !$*UTF8*$!
{
	archiveVersion = 1;
	classes = {
	};
	objectVersion = 46;
	objects = {

/* Begin PBXBuildFile section */
		D60F731019D724F500298AA2 /* main.m in Sources */ = {isa = PBXBuildFile; fileRef = D60F730F19D724F500298AA2 /* main.m */; };
		D60F731319D724F500298AA2 /* AppDelegate.m in Sources */ = {isa = PBXBuildFile; fileRef = D60F731219D724F500298AA2 /* AppDelegate.m */; };
		D60F731619D724F500298AA2 /* ViewController.m in Sources */ = {isa = PBXBuildFile; fileRef = D60F731519D724F500298AA2 /* ViewController.m */; };
		D60F731919D724F500298AA2 /* Main.storyboard in Resources */ = {isa = PBXBuildFile; fileRef = D60F731719D724F500298AA2 /* Main.storyboard */; };
		D60F731B19D724F500298AA2 /* Images.xcassets in Resources */ = {isa = PBXBuildFile; fileRef = D60F731A19D724F500298AA2 /* Images.xcassets */; };
		D60F731E19D724F500298AA2 /* LaunchScreen.xib in Resources */ = {isa = PBXBuildFile; fileRef = D60F731C19D724F500298AA2 /* LaunchScreen.xib */; };
		D60F732A19D724F500298AA2 /* MatchismoTests.m in Sources */ = {isa = PBXBuildFile; fileRef = D60F732919D724F500298AA2 /* MatchismoTests.m */; };
/* End PBXBuildFile section */

/* Begin PBXContainerItemProxy section */
		D60F732419D724F500298AA2 /* PBXContainerItemProxy */ = {
			isa = PBXContainerItemProxy;
			containerPortal = D60F730219D724F500298AA2 /* Project object */;
			proxyType = 1;
			remoteGlobalIDString = D60F730919D724F500298AA2;
			remoteInfo = Matchismo;
		};
/* End PBXContainerItemProxy section */

/* Begin PBXFileReference section */
		D60F730A19D724F500298AA2 /* Matchismo.app */ = {isa = PBXFileReference; explicitFileType = wrapper.application; includeInIndex = 0; path = Matchismo.app; sourceTree = BUILT_PRODUCTS_DIR; };
		D60F730E19D724F500298AA2 /* Info.plist */ = {isa = PBXFileReference; lastKnownFileType = text.plist.xml; path = Info.plist; sourceTree = "<group>"; };
		D60F730F19D724F500298AA2 /* main.m */ = {isa = PBXFileReference; lastKnownFileType = sourcecode.c.objc; path = main.m; sourceTree = "<group>"; };
		D60F731119D724F500298AA2 /* AppDelegate.h */ = {isa = PBXFileReference; lastKnownFileType = sourcecode.c.h; path = AppDelegate.h; sourceTree = "<group>"; };
		D60F731219D724F500298AA2 /* AppDelegate.m */ = {isa = PBXFileReference; lastKnownFileType = sourcecode.c.objc; path = AppDelegate.m; sourceTree = "<group>"; };
		D60F731419D724F500298AA2 /* ViewController.h */ = {isa = PBXFileReference; lastKnownFileType = sourcecode.c.h; path = ViewController.h; sourceTree = "<group>"; };
		D60F731519D724F500298AA2 /* ViewController.m */ = {isa = PBXFileReference; lastKnownFileType = sourcecode.c.objc; path = ViewController.m; sourceTree = "<group>"; };
		D60F731819D724F500298AA2 /* Base */ = {isa = PBXFileReference; lastKnownFileType = file.storyboard; name = Base; path = Base.lproj/Main.storyboard; sourceTree = "<group>"; };
		D60F731A19D724F500298AA2 /* Images.xcassets */ = {isa = PBXFileReference; lastKnownFileType = folder.assetcatalog; path = Images.xcassets; sourceTree = "<group>"; };
		D60F731D19D724F500298AA2 /* Base */ = {isa = PBXFileReference; lastKnownFileType = file.xib; name = Base; path = Base.lproj/LaunchScreen.xib; sourceTree = "<group>"; };
		D60F732319D724F500298AA2 /* MatchismoTests.xctest */ = {isa = PBXFileReference; explicitFileType = wrapper.cfbundle; includeInIndex = 0; path = MatchismoTests.xctest; sourceTree = BUILT_PRODUCTS_DIR; };
		D60F732819D724F500298AA2 /* Info.plist */ = {isa = PBXFileReference; lastKnownFileType = text.plist.xml; path = Info.plist; sourceTree = "<group>"; };
		D60F732919D724F500298AA2 /* MatchismoTests.m */ = {isa = PBXFileReference; lastKnownFileType = sourcecode.c.objc; path = MatchismoTests.m; sourceTree = "<group>"; };
/* End PBXFileReference section */

/* Begin PBXFrameworksBuildPhase section */
		D60F730719D724F500298AA2 /* Frameworks */ = {
			isa = PBXFrameworksBuildPhase;
			buildActionMask = 2147483647;
			files = (
			);
			runOnlyForDeploymentPostprocessing = 0;
		};
		D60F732019D724F500298AA2 /* Frameworks */ = {
			isa = PBXFrameworksBuildPhase;
			buildActionMask = 2147483647;
			files = (
			);
			runOnlyForDeploymentPostprocessing = 0;
		};
/* End PBXFrameworksBuildPhase section */

/* Begin PBXGroup section */
		D60F730119D724F500298AA2 = {
			isa = PBXGroup;
			children = (
				D60F730C19D724F500298AA2 /* Matchismo */,
				D60F732619D724F500298AA2 /* MatchismoTests */,
				D60F730B19D724F500298AA2 /* Products */,
			);
			sourceTree = "<group>";
		};
		D60F730B19D724F500298AA2 /* Products */ = {
			isa = PBXGroup;
			children = (
				D60F730A19D724F500298AA2 /* Matchismo.app */,
				D60F732319D724F500298AA2 /* MatchismoTests.xctest */,
			);
			name = Products;
			sourceTree = "<group>";
		};
		D60F730C19D724F500298AA2 /* Matchismo */ = {
			isa = PBXGroup;
			children = (
				D60F731119D724F500298AA2 /* AppDelegate.h */,
				D60F731219D724F500298AA2 /* AppDelegate.m */,
				D60F731419D724F500298AA2 /* ViewController.h */,
				D60F731519D724F500298AA2 /* ViewController.m */,
				D60F731719D724F500298AA2 /* Main.storyboard */,
				D60F731A19D724F500298AA2 /* Images.xcassets */,
				D60F731C19D724F500298AA2 /* LaunchScreen.xib */,
				D60F730D19D724F500298AA2 /* Supporting Files */,
			);
			path = Matchismo;
			sourceTree = "<group>";
		};
		D60F730D19D724F500298AA2 /* Supporting Files */ = {
			isa = PBXGroup;
			children = (
				D60F730E19D724F500298AA2 /* Info.plist */,
				D60F730F19D724F500298AA2 /* main.m */,
			);
			name = "Supporting Files";
			sourceTree = "<group>";
		};
		D60F732619D724F500298AA2 /* MatchismoTests */ = {
			isa = PBXGroup;
			children = (
				D60F732919D724F500298AA2 /* MatchismoTests.m */,
				D60F732719D724F500298AA2 /* Supporting Files */,
			);
			path = MatchismoTests;
			sourceTree = "<group>";
		};
		D60F732719D724F500298AA2 /* Supporting Files */ = {
			isa = PBXGroup;
			children = (
				D60F732819D724F500298AA2 /* Info.plist */,
			);
			name = "Supporting Files";
			sourceTree = "<group>";
		};
/* End PBXGroup section */

/* Begin PBXNativeTarget section */
		D60F730919D724F500298AA2 /* Matchismo */ = {
			isa = PBXNativeTarget;
			buildConfigurationList = D60F732D19D724F500298AA2 /* Build configuration list for PBXNativeTarget "Matchismo" */;
			buildPhases = (
				D60F730619D724F500298AA2 /* Sources */,
				D60F730719D724F500298AA2 /* Frameworks */,
				D60F730819D724F500298AA2 /* Resources */,
			);
			buildRules = (
			);
			dependencies = (
			);
			name = Matchismo;
			productName = Matchismo;
			productReference = D60F730A19D724F500298AA2 /* Matchismo.app */;
			productType = "com.apple.product-type.application";
		};
		D60F732219D724F500298AA2 /* MatchismoTests */ = {
			isa = PBXNativeTarget;
			buildConfigurationList = D60F733019D724F600298AA2 /* Build configuration list for PBXNativeTarget "MatchismoTests" */;
			buildPhases = (
				D60F731F19D724F500298AA2 /* Sources */,
				D60F732019D724F500298AA2 /* Frameworks */,
				D60F732119D724F500298AA2 /* Resources */,
			);
			buildRules = (
			);
			dependencies = (
				D60F732519D724F500298AA2 /* PBXTargetDependency */,
			);
			name = MatchismoTests;
			productName = MatchismoTests;
			productReference = D60F732319D724F500298AA2 /* MatchismoTests.xctest */;
			productType = "com.apple.product-type.bundle.unit-test";
		};
/* End PBXNativeTarget section */

/* Begin PBXProject section */
		D60F730219D724F500298AA2 /* Project object */ = {
			isa = PBXProject;
			attributes = {
				LastUpgradeCheck = 0600;
				ORGANIZATIONNAME = "George Drag";
				TargetAttributes = {
					D60F730919D724F500298AA2 = {
						CreatedOnToolsVersion = 6.0;
					};
					D60F732219D724F500298AA2 = {
						CreatedOnToolsVersion = 6.0;
						TestTargetID = D60F730919D724F500298AA2;
					};
				};
			};
			buildConfigurationList = D60F730519D724F500298AA2 /* Build configuration list for PBXProject "Matchismo" */;
			compatibilityVersion = "Xcode 3.2";
			developmentRegion = English;
			hasScannedForEncodings = 0;
			knownRegions = (
				en,
				Base,
			);
			mainGroup = D60F730119D724F500298AA2;
			productRefGroup = D60F730B19D724F500298AA2 /* Products */;
			projectDirPath = "";
			projectRoot = "";
			targets = (
				D60F730919D724F500298AA2 /* Matchismo */,
				D60F732219D724F500298AA2 /* MatchismoTests */,
			);
		};
/* End PBXProject section */

/* Begin PBXResourcesBuildPhase section */
		D60F730819D724F500298AA2 /* Resources */ = {
			isa = PBXResourcesBuildPhase;
			buildActionMask = 2147483647;
			files = (
				D60F731919D724F500298AA2 /* Main.storyboard in Resources */,
				D60F731E19D724F500298AA2 /* LaunchScreen.xib in Resources */,
				D60F731B19D724F500298AA2 /* Images.xcassets in Resources */,
			);
			runOnlyForDeploymentPostprocessing = 0;
		};
		D60F732119D724F500298AA2 /* Resources */ = {
			isa = PBXResourcesBuildPhase;
			buildActionMask = 2147483647;
			files = (
			);
			runOnlyForDeploymentPostprocessing = 0;
		};
/* End PBXResourcesBuildPhase section */

/* Begin PBXSourcesBuildPhase section */
		D60F730619D724F500298AA2 /* Sources */ = {
			isa = PBXSourcesBuildPhase;
			buildActionMask = 2147483647;
			files = (
				D60F731619D724F500298AA2 /* ViewController.m in Sources */,
				D60F731319D724F500298AA2 /* AppDelegate.m in Sources */,
				D60F731019D724F500298AA2 /* main.m in Sources */,
			);
			runOnlyForDeploymentPostprocessing = 0;
		};
		D60F731F19D724F500298AA2 /* Sources */ = {
			isa = PBXSourcesBuildPhase;
			buildActionMask = 2147483647;
			files = (
				D60F732A19D724F500298AA2 /* MatchismoTests.m in Sources */,
			);
			runOnlyForDeploymentPostprocessing = 0;
		};
/* End PBXSourcesBuildPhase section */

/* Begin PBXTargetDependency section */
		D60F732519D724F500298AA2 /* PBXTargetDependency */ = {
			isa = PBXTargetDependency;
			target = D60F730919D724F500298AA2 /* Matchismo */;
			targetProxy = D60F732419D724F500298AA2 /* PBXContainerItemProxy */;
		};
/* End PBXTargetDependency section */

/* Begin PBXVariantGroup section */
		D60F731719D724F500298AA2 /* Main.storyboard */ = {
			isa = PBXVariantGroup;
			children = (
				D60F731819D724F500298AA2 /* Base */,
			);
			name = Main.storyboard;
			sourceTree = "<group>";
		};
		D60F731C19D724F500298AA2 /* LaunchScreen.xib */ = {
			isa = PBXVariantGroup;
			children = (
				D60F731D19D724F500298AA2 /* Base */,
			);
			name = LaunchScreen.xib;
			sourceTree = "<group>";
		};
/* End PBXVariantGroup section */

/* Begin XCBuildConfiguration section */
		D60F732B19D724F500298AA2 /* Debug */ = {
			isa = XCBuildConfiguration;
			buildSettings = {
				ALWAYS_SEARCH_USER_PATHS = NO;
				CLANG_CXX_LANGUAGE_STANDARD = "gnu++0x";
				CLANG_CXX_LIBRARY = "libc++";
				CLANG_ENABLE_MODULES = YES;
				CLANG_ENABLE_OBJC_ARC = YES;
				CLANG_WARN_BOOL_CONVERSION = YES;
				CLANG_WARN_CONSTANT_CONVERSION = YES;
				CLANG_WARN_DIRECT_OBJC_ISA_USAGE = YES_ERROR;
				CLANG_WARN_EMPTY_BODY = YES;
				CLANG_WARN_ENUM_CONVERSION = YES;
				CLANG_WARN_INT_CONVERSION = YES;
				CLANG_WARN_OBJC_ROOT_CLASS = YES_ERROR;
				CLANG_WARN_UNREACHABLE_CODE = YES;
				CLANG_WARN__DUPLICATE_METHOD_MATCH = YES;
				"CODE_SIGN_IDENTITY[sdk=iphoneos*]" = "iPhone Developer";
				COPY_PHASE_STRIP = NO;
				ENABLE_STRICT_OBJC_MSGSEND = YES;
				GCC_C_LANGUAGE_STANDARD = gnu99;
				GCC_DYNAMIC_NO_PIC = NO;
				GCC_OPTIMIZATION_LEVEL = 0;
				GCC_PREPROCESSOR_DEFINITIONS = (
					"DEBUG=1",
					"$(inherited)",
				);
				GCC_SYMBOLS_PRIVATE_EXTERN = NO;
				GCC_WARN_64_TO_32_BIT_CONVERSION = YES;
				GCC_WARN_ABOUT_RETURN_TYPE = YES_ERROR;
				GCC_WARN_UNDECLARED_SELECTOR = YES;
				GCC_WARN_UNINITIALIZED_AUTOS = YES_AGGRESSIVE;
				GCC_WARN_UNUSED_FUNCTION = YES;
				GCC_WARN_UNUSED_VARIABLE = YES;
				IPHONEOS_DEPLOYMENT_TARGET = 8.0;
				MTL_ENABLE_DEBUG_INFO = YES;
				ONLY_ACTIVE_ARCH = YES;
				SDKROOT = iphoneos;
			};
			name = Debug;
		};
		D60F732C19D724F500298AA2 /* Release */ = {
			isa = XCBuildConfiguration;
			buildSettings = {
				ALWAYS_SEARCH_USER_PATHS = NO;
				CLANG_CXX_LANGUAGE_STANDARD = "gnu++0x";
				CLANG_CXX_LIBRARY = "libc++";
				CLANG_ENABLE_MODULES = YES;
				CLANG_ENABLE_OBJC_ARC = YES;
				CLANG_WARN_BOOL_CONVERSION = YES;
				CLANG_WARN_CONSTANT_CONVERSION = YES;
				CLANG_WARN_DIRECT_OBJC_ISA_USAGE = YES_ERROR;
				CLANG_WARN_EMPTY_BODY = YES;
				CLANG_WARN_ENUM_CONVERSION = YES;
				CLANG_WARN_INT_CONVERSION = YES;
				CLANG_WARN_OBJC_ROOT_CLASS = YES_ERROR;
				CLANG_WARN_UNREACHABLE_CODE = YES;
				CLANG_WARN__DUPLICATE_METHOD_MATCH = YES;
				"CODE_SIGN_IDENTITY[sdk=iphoneos*]" = "iPhone Developer";
				COPY_PHASE_STRIP = YES;
				ENABLE_NS_ASSERTIONS = NO;
				ENABLE_STRICT_OBJC_MSGSEND = YES;
				GCC_C_LANGUAGE_STANDARD = gnu99;
				GCC_WARN_64_TO_32_BIT_CONVERSION = YES;
				GCC_WARN_ABOUT_RETURN_TYPE = YES_ERROR;
				GCC_WARN_UNDECLARED_SELECTOR = YES;
				GCC_WARN_UNINITIALIZED_AUTOS = YES_AGGRESSIVE;
				GCC_WARN_UNUSED_FUNCTION = YES;
				GCC_WARN_UNUSED_VARIABLE = YES;
				IPHONEOS_DEPLOYMENT_TARGET = 8.0;
				MTL_ENABLE_DEBUG_INFO = NO;
				SDKROOT = iphoneos;
				VALIDATE_PRODUCT = YES;
			};
			name = Release;
		};
		D60F732E19D724F500298AA2 /* Debug */ = {
			isa = XCBuildConfiguration;
			buildSettings = {
				ASSETCATALOG_COMPILER_APPICON_NAME = AppIcon;
				INFOPLIST_FILE = Matchismo/Info.plist;
				LD_RUNPATH_SEARCH_PATHS = "$(inherited) @executable_path/Frameworks";
				PRODUCT_NAME = "$(TARGET_NAME)";
			};
			name = Debug;
		};
		D60F732F19D724F500298AA2 /* Release */ = {
			isa = XCBuildConfiguration;
			buildSettings = {
				ASSETCATALOG_COMPILER_APPICON_NAME = AppIcon;
				INFOPLIST_FILE = Matchismo/Info.plist;
				LD_RUNPATH_SEARCH_PATHS = "$(inherited) @executable_path/Frameworks";
				PRODUCT_NAME = "$(TARGET_NAME)";
			};
			name = Release;
		};
		D60F733119D724F600298AA2 /* Debug */ = {
			isa = XCBuildConfiguration;
			buildSettings = {
				BUNDLE_LOADER = "$(TEST_HOST)";
				FRAMEWORK_SEARCH_PATHS = (
					"$(SDKROOT)/Developer/Library/Frameworks",
					"$(inherited)",
				);
				GCC_PREPROCESSOR_DEFINITIONS = (
					"DEBUG=1",
					"$(inherited)",
				);
				INFOPLIST_FILE = MatchismoTests/Info.plist;
				LD_RUNPATH_SEARCH_PATHS = "$(inherited) @executable_path/Frameworks @loader_path/Frameworks";
				PRODUCT_NAME = "$(TARGET_NAME)";
				TEST_HOST = "$(BUILT_PRODUCTS_DIR)/Matchismo.app/Matchismo";
			};
			name = Debug;
		};
		D60F733219D724F600298AA2 /* Release */ = {
			isa = XCBuildConfiguration;
			buildSettings = {
				BUNDLE_LOADER = "$(TEST_HOST)";
				FRAMEWORK_SEARCH_PATHS = (
					"$(SDKROOT)/Developer/Library/Frameworks",
					"$(inherited)",
				);
				INFOPLIST_FILE = MatchismoTests/Info.plist;
				LD_RUNPATH_SEARCH_PATHS = "$(inherited) @executable_path/Frameworks @loader_path/Frameworks";
				PRODUCT_NAME = "$(TARGET_NAME)";
				TEST_HOST = "$(BUILT_PRODUCTS_DIR)/Matchismo.app/Matchismo";
			};
			name = Release;
		};
/* End XCBuildConfiguration section */

/* Begin XCConfigurationList section */
		D60F730519D724F500298AA2 /* Build configuration list for PBXProject "Matchismo" */ = {
			isa = XCConfigurationList;
			buildConfigurations = (
				D60F732B19D724F500298AA2 /* Debug */,
				D60F732C19D724F500298AA2 /* Release */,
			);
			defaultConfigurationIsVisible = 0;
			defaultConfigurationName = Release;
		};
		D60F732D19D724F500298AA2 /* Build configuration list for PBXNativeTarget "Matchismo" */ = {
			isa = XCConfigurationList;
			buildConfigurations = (
				D60F732E19D724F500298AA2 /* Debug */,
				D60F732F19D724F500298AA2 /* Release */,
			);
			defaultConfigurationIsVisible = 0;
		};
		D60F733019D724F600298AA2 /* Build configuration list for PBXNativeTarget "MatchismoTests" */ = {
			isa = XCConfigurationList;
			buildConfigurations = (
				D60F733119D724F600298AA2 /* Debug */,
				D60F733219D724F600298AA2 /* Release */,
			);
			defaultConfigurationIsVisible = 0;
		};
/* End XCConfigurationList section */
	};
	rootObject = D60F730219D724F500298AA2 /* Project object */;
}
